
Microsoft Visual Studio Solution File, Format Version 12.00
# Visual Studio Version 16
VisualStudioVersion = 16.0.30503.244
MinimumVisualStudioVersion = 10.0.40219.1
Project("{FAE04EC0-301F-11D3-BF4B-00C04F79EFBC}") = "ClientCertAuth", "ClientCertAuth\ClientCertAuth.csproj", "{84496536-DB36-432E-A32B-0D0E42E4D385}"
EndProject
Global
	GlobalSection(SolutionConfigurationPlatforms) = preSolution
		Debug|Any CPU = Debug|Any CPU
		Release|Any CPU = Release|Any CPU
	EndGlobalSection
	GlobalSection(ProjectConfigurationPlatforms) = postSolution
		{84496536-DB36-432E-A32B-0D0E42E4D385}.Debug|Any CPU.ActiveCfg = Debug|Any CPU
		{84496536-DB36-432E-A32B-0D0E42E4D385}.Debug|Any CPU.Build.0 = Debug|Any CPU
		{84496536-DB36-432E-A32B-0D0E42E4D385}.Release|Any CPU.ActiveCfg = Release|Any CPU
		{84496536-DB36-432E-A32B-0D0E42E4D385}.Release|Any CPU.Build.0 = Release|Any CPU
	EndGlobalSection
	GlobalSection(SolutionProperties) = preSolution
		HideSolutionNode = FALSE
	EndGlobalSection
	GlobalSection(ExtensibilityGlobals) = postSolution
		SolutionGuid = {0861ADDC-E58B-47F9-94AD-FB58A035E7C5}
	EndGlobalSection
EndGlobal
